
Microsoft Visual Studio Solution File, Format Version 12.00
# Visual Studio Version 17
VisualStudioVersion = 17.6.33829.357
MinimumVisualStudioVersion = 10.0.40219.1
Project("{FAE04EC0-301F-11D3-BF4B-00C04F79EFBC}") = "BackendCRMconstructora", "BackendCRMconstructora\BackendCRMconstructora.csproj", "{ED4995C5-29C5-4CE8-9AB7-7064F2267959}"
EndProject
Global
	GlobalSection(SolutionConfigurationPlatforms) = preSolution
		Debug|Any CPU = Debug|Any CPU
		Release|Any CPU = Release|Any CPU
	EndGlobalSection
	GlobalSection(ProjectConfigurationPlatforms) = postSolution
		{ED4995C5-29C5-4CE8-9AB7-7064F2267959}.Debug|Any CPU.ActiveCfg = Debug|Any CPU
		{ED4995C5-29C5-4CE8-9AB7-7064F2267959}.Debug|Any CPU.Build.0 = Debug|Any CPU
		{ED4995C5-29C5-4CE8-9AB7-7064F2267959}.Release|Any CPU.ActiveCfg = Release|Any CPU
		{ED4995C5-29C5-4CE8-9AB7-7064F2267959}.Release|Any CPU.Build.0 = Release|Any CPU
	EndGlobalSection
	GlobalSection(SolutionProperties) = preSolution
		HideSolutionNode = FALSE
	EndGlobalSection
	GlobalSection(ExtensibilityGlobals) = postSolution
		SolutionGuid = {78658B49-8A56-492D-A7E2-3456D2567F47}
	EndGlobalSection
EndGlobal
